
Microsoft Visual Studio Solution File, Format Version 12.00
# Visual Studio Version 17
VisualStudioVersion = 17.14.37027.9
MinimumVisualStudioVersion = 10.0.40219.1
Project("{8BC9CEB8-8B4A-11D0-8D11-00A0C91BC942}") = "MiniChat", "Messaging\MiniChat\MiniChat.vcxproj", "{F230E476-EEBD-44BD-816D-269194C20DEE}"
EndProject
Project("{2150E333-8FDC-42A3-9474-1A3956D46DE8}") = "Messaging", "Messaging", "{02EA681E-C7D8-13C7-8484-4AC65E1B71E8}"
EndProject
Project("{8BC9CEB8-8B4A-11D0-8D11-00A0C91BC942}") = "MiniChatEx", "Messaging\MiniChatEx\MiniChatEx.vcxproj", "{F230E476-EEBD-44BD-816D-269194C20DEF}"
EndProject
Project("{2150E333-8FDC-42A3-9474-1A3956D46DE8}") = "Advanced", "Advanced", "{63DA1FE4-5288-437D-8B3A-CB78E38B3DD9}"
EndProject
Project("{8BC9CEB8-8B4A-11D0-8D11-00A0C91BC942}") = "RawChannels", "Messaging\Advanced\RawChannels\RawChannels.vcxproj", "{F230E476-EEBD-44BD-816D-269194C20DF0}"
EndProject
Project("{2150E333-8FDC-42A3-9474-1A3956D46DE8}") = "User-Contributions", "User-Contributions", "{5A1F1DEC-ED88-4E11-9AD2-1450900C7E7C}"
	ProjectSection(SolutionItems) = preProject
		User-Contributions\README.md = User-Contributions\README.md
	EndProjectSection
EndProject
Project("{2150E333-8FDC-42A3-9474-1A3956D46DE8}") = "Messaging", "Messaging", "{E77FC002-90FE-4510-9FF7-6FD195F8F1F5}"
EndProject
Project("{8BC9CEB8-8B4A-11D0-8D11-00A0C91BC942}") = "MiniChatHMAC", "Messaging\MiniChatHMAC\MiniChatHMAC.vcxproj", "{F230E476-EEBD-44BD-816D-269194C21DEE}"
EndProject
Project("{8BC9CEB8-8B4A-11D0-8D11-00A0C91BC942}") = "MiniChatHMACCompressed", "Messaging\MiniChatHMACCompressed\MiniChatHMACCompressed.vcxproj", "{F230E476-EEBD-44BD-816D-269194C22DEE}"
EndProject
Project("{2150E333-8FDC-42A3-9474-1A3956D46DE8}") = "Caching", "Caching", "{BB845858-A6BB-4854-8608-1C9D014B3A64}"
EndProject
Project("{8BC9CEB8-8B4A-11D0-8D11-00A0C91BC942}") = "MiniCache", "Caching\MiniCache\MiniCache.vcxproj", "{F230E476-EEBD-44BD-816E-269194C20DF0}"
EndProject
Project("{8BC9CEB8-8B4A-11D0-8D11-00A0C91BC942}") = "SegCache", "Caching\SegCache\SegCache.vcxproj", "{F230E476-EEBD-44BD-816E-269194C20DF1}"
EndProject
Project("{2150E333-8FDC-42A3-9474-1A3956D46DE8}") = "Compression", "Compression", "{78A97EFC-F1BF-4C77-BB3D-8E3B8F952F0E}"
EndProject
Project("{8BC9CEB8-8B4A-11D0-8D11-00A0C91BC942}") = "CompressionBenchmark", "Compression\CompressionBenchmark\CompressionBenchmark.vcxproj", "{F230E476-EEBD-44BD-816E-269194C21DF1}"
EndProject
Project("{2150E333-8FDC-42A3-9474-1A3956D46DE8}") = "Assets", "Assets", "{788EFF81-5D3B-4DDD-A33B-84B60C9CC628}"
	ProjectSection(SolutionItems) = preProject
		Assets\api-lwmq-samples-common.h = Assets\api-lwmq-samples-common.h
		Assets\PayloadText.inc = Assets\PayloadText.inc
	EndProjectSection
EndProject
Project("{2150E333-8FDC-42A3-9474-1A3956D46DE8}") = "Hashing", "Hashing", "{04DCA99B-5E1E-4B31-BB15-8492D111501D}"
EndProject
Project("{8BC9CEB8-8B4A-11D0-8D11-00A0C91BC942}") = "HashingBenchmark", "Hashing\HashingBenchmark\HashingBenchmark.vcxproj", "{F230E476-EEBD-44BD-816E-279194C21DF1}"
EndProject
Global
	GlobalSection(SolutionConfigurationPlatforms) = preSolution
		Debug|Any CPU = Debug|Any CPU
		Debug|x64 = Debug|x64
		Debug|x86 = Debug|x86
		Release|Any CPU = Release|Any CPU
		Release|x64 = Release|x64
		Release|x86 = Release|x86
	EndGlobalSection
	GlobalSection(ProjectConfigurationPlatforms) = postSolution
		{F230E476-EEBD-44BD-816D-269194C20DEE}.Debug|Any CPU.ActiveCfg = Debug|x64
		{F230E476-EEBD-44BD-816D-269194C20DEE}.Debug|Any CPU.Build.0 = Debug|x64
		{F230E476-EEBD-44BD-816D-269194C20DEE}.Debug|x64.ActiveCfg = Debug|x64
		{F230E476-EEBD-44BD-816D-269194C20DEE}.Debug|x64.Build.0 = Debug|x64
		{F230E476-EEBD-44BD-816D-269194C20DEE}.Debug|x86.ActiveCfg = Debug|Win32
		{F230E476-EEBD-44BD-816D-269194C20DEE}.Debug|x86.Build.0 = Debug|Win32
		{F230E476-EEBD-44BD-816D-269194C20DEE}.Release|Any CPU.ActiveCfg = Release|x64
		{F230E476-EEBD-44BD-816D-269194C20DEE}.Release|Any CPU.Build.0 = Release|x64
		{F230E476-EEBD-44BD-816D-269194C20DEE}.Release|x64.ActiveCfg = Release|x64
		{F230E476-EEBD-44BD-816D-269194C20DEE}.Release|x64.Build.0 = Release|x64
		{F230E476-EEBD-44BD-816D-269194C20DEE}.Release|x86.ActiveCfg = Release|Win32
		{F230E476-EEBD-44BD-816D-269194C20DEE}.Release|x86.Build.0 = Release|Win32
		{F230E476-EEBD-44BD-816D-269194C20DEF}.Debug|Any CPU.ActiveCfg = Debug|x64
		{F230E476-EEBD-44BD-816D-269194C20DEF}.Debug|Any CPU.Build.0 = Debug|x64
		{F230E476-EEBD-44BD-816D-269194C20DEF}.Debug|x64.ActiveCfg = Debug|x64
		{F230E476-EEBD-44BD-816D-269194C20DEF}.Debug|x64.Build.0 = Debug|x64
		{F230E476-EEBD-44BD-816D-269194C20DEF}.Debug|x86.ActiveCfg = Debug|Win32
		{F230E476-EEBD-44BD-816D-269194C20DEF}.Debug|x86.Build.0 = Debug|Win32
		{F230E476-EEBD-44BD-816D-269194C20DEF}.Release|Any CPU.ActiveCfg = Release|x64
		{F230E476-EEBD-44BD-816D-269194C20DEF}.Release|Any CPU.Build.0 = Release|x64
		{F230E476-EEBD-44BD-816D-269194C20DEF}.Release|x64.ActiveCfg = Release|x64
		{F230E476-EEBD-44BD-816D-269194C20DEF}.Release|x64.Build.0 = Release|x64
		{F230E476-EEBD-44BD-816D-269194C20DEF}.Release|x86.ActiveCfg = Release|Win32
		{F230E476-EEBD-44BD-816D-269194C20DEF}.Release|x86.Build.0 = Release|Win32
		{F230E476-EEBD-44BD-816D-269194C20DF0}.Debug|Any CPU.ActiveCfg = Debug|x64
		{F230E476-EEBD-44BD-816D-269194C20DF0}.Debug|Any CPU.Build.0 = Debug|x64
		{F230E476-EEBD-44BD-816D-269194C20DF0}.Debug|x64.ActiveCfg = Debug|x64
		{F230E476-EEBD-44BD-816D-269194C20DF0}.Debug|x64.Build.0 = Debug|x64
		{F230E476-EEBD-44BD-816D-269194C20DF0}.Debug|x86.ActiveCfg = Debug|Win32
		{F230E476-EEBD-44BD-816D-269194C20DF0}.Debug|x86.Build.0 = Debug|Win32
		{F230E476-EEBD-44BD-816D-269194C20DF0}.Release|Any CPU.ActiveCfg = Release|x64
		{F230E476-EEBD-44BD-816D-269194C20DF0}.Release|Any CPU.Build.0 = Release|x64
		{F230E476-EEBD-44BD-816D-269194C20DF0}.Release|x64.ActiveCfg = Release|x64
		{F230E476-EEBD-44BD-816D-269194C20DF0}.Release|x64.Build.0 = Release|x64
		{F230E476-EEBD-44BD-816D-269194C20DF0}.Release|x86.ActiveCfg = Release|Win32
		{F230E476-EEBD-44BD-816D-269194C20DF0}.Release|x86.Build.0 = Release|Win32
		{F230E476-EEBD-44BD-816D-269194C21DEE}.Debug|Any CPU.ActiveCfg = Debug|x64
		{F230E476-EEBD-44BD-816D-269194C21DEE}.Debug|Any CPU.Build.0 = Debug|x64
		{F230E476-EEBD-44BD-816D-269194C21DEE}.Debug|x64.ActiveCfg = Debug|x64
		{F230E476-EEBD-44BD-816D-269194C21DEE}.Debug|x64.Build.0 = Debug|x64
		{F230E476-EEBD-44BD-816D-269194C21DEE}.Debug|x86.ActiveCfg = Debug|Win32
		{F230E476-EEBD-44BD-816D-269194C21DEE}.Debug|x86.Build.0 = Debug|Win32
		{F230E476-EEBD-44BD-816D-269194C21DEE}.Release|Any CPU.ActiveCfg = Release|x64
		{F230E476-EEBD-44BD-816D-269194C21DEE}.Release|Any CPU.Build.0 = Release|x64
		{F230E476-EEBD-44BD-816D-269194C21DEE}.Release|x64.ActiveCfg = Release|x64
		{F230E476-EEBD-44BD-816D-269194C21DEE}.Release|x64.Build.0 = Release|x64
		{F230E476-EEBD-44BD-816D-269194C21DEE}.Release|x86.ActiveCfg = Release|Win32
		{F230E476-EEBD-44BD-816D-269194C21DEE}.Release|x86.Build.0 = Release|Win32
		{F230E476-EEBD-44BD-816D-269194C22DEE}.Debug|Any CPU.ActiveCfg = Debug|x64
		{F230E476-EEBD-44BD-816D-269194C22DEE}.Debug|Any CPU.Build.0 = Debug|x64
		{F230E476-EEBD-44BD-816D-269194C22DEE}.Debug|x64.ActiveCfg = Debug|x64
		{F230E476-EEBD-44BD-816D-269194C22DEE}.Debug|x64.Build.0 = Debug|x64
		{F230E476-EEBD-44BD-816D-269194C22DEE}.Debug|x86.ActiveCfg = Debug|Win32
		{F230E476-EEBD-44BD-816D-269194C22DEE}.Debug|x86.Build.0 = Debug|Win32
		{F230E476-EEBD-44BD-816D-269194C22DEE}.Release|Any CPU.ActiveCfg = Release|x64
		{F230E476-EEBD-44BD-816D-269194C22DEE}.Release|Any CPU.Build.0 = Release|x64
		{F230E476-EEBD-44BD-816D-269194C22DEE}.Release|x64.ActiveCfg = Release|x64
		{F230E476-EEBD-44BD-816D-269194C22DEE}.Release|x64.Build.0 = Release|x64
		{F230E476-EEBD-44BD-816D-269194C22DEE}.Release|x86.ActiveCfg = Release|Win32
		{F230E476-EEBD-44BD-816D-269194C22DEE}.Release|x86.Build.0 = Release|Win32
		{F230E476-EEBD-44BD-816E-269194C20DF0}.Debug|Any CPU.ActiveCfg = Debug|x64
		{F230E476-EEBD-44BD-816E-269194C20DF0}.Debug|Any CPU.Build.0 = Debug|x64
		{F230E476-EEBD-44BD-816E-269194C20DF0}.Debug|x64.ActiveCfg = Debug|x64
		{F230E476-EEBD-44BD-816E-269194C20DF0}.Debug|x64.Build.0 = Debug|x64
		{F230E476-EEBD-44BD-816E-269194C20DF0}.Debug|x86.ActiveCfg = Debug|Win32
		{F230E476-EEBD-44BD-816E-269194C20DF0}.Debug|x86.Build.0 = Debug|Win32
		{F230E476-EEBD-44BD-816E-269194C20DF0}.Release|Any CPU.ActiveCfg = Release|x64
		{F230E476-EEBD-44BD-816E-269194C20DF0}.Release|Any CPU.Build.0 = Release|x64
		{F230E476-EEBD-44BD-816E-269194C20DF0}.Release|x64.ActiveCfg = Release|x64
		{F230E476-EEBD-44BD-816E-269194C20DF0}.Release|x64.Build.0 = Release|x64
		{F230E476-EEBD-44BD-816E-269194C20DF0}.Release|x86.ActiveCfg = Release|Win32
		{F230E476-EEBD-44BD-816E-269194C20DF0}.Release|x86.Build.0 = Release|Win32
		{F230E476-EEBD-44BD-816E-269194C20DF1}.Debug|Any CPU.ActiveCfg = Debug|x64
		{F230E476-EEBD-44BD-816E-269194C20DF1}.Debug|Any CPU.Build.0 = Debug|x64
		{F230E476-EEBD-44BD-816E-269194C20DF1}.Debug|x64.ActiveCfg = Debug|x64
		{F230E476-EEBD-44BD-816E-269194C20DF1}.Debug|x64.Build.0 = Debug|x64
		{F230E476-EEBD-44BD-816E-269194C20DF1}.Debug|x86.ActiveCfg = Debug|Win32
		{F230E476-EEBD-44BD-816E-269194C20DF1}.Debug|x86.Build.0 = Debug|Win32
		{F230E476-EEBD-44BD-816E-269194C20DF1}.Release|Any CPU.ActiveCfg = Release|x64
		{F230E476-EEBD-44BD-816E-269194C20DF1}.Release|Any CPU.Build.0 = Release|x64
		{F230E476-EEBD-44BD-816E-269194C20DF1}.Release|x64.ActiveCfg = Release|x64
		{F230E476-EEBD-44BD-816E-269194C20DF1}.Release|x64.Build.0 = Release|x64
		{F230E476-EEBD-44BD-816E-269194C20DF1}.Release|x86.ActiveCfg = Release|Win32
		{F230E476-EEBD-44BD-816E-269194C20DF1}.Release|x86.Build.0 = Release|Win32
		{F230E476-EEBD-44BD-816E-269194C21DF1}.Debug|Any CPU.ActiveCfg = Debug|x64
		{F230E476-EEBD-44BD-816E-269194C21DF1}.Debug|Any CPU.Build.0 = Debug|x64
		{F230E476-EEBD-44BD-816E-269194C21DF1}.Debug|x64.ActiveCfg = Debug|x64
		{F230E476-EEBD-44BD-816E-269194C21DF1}.Debug|x64.Build.0 = Debug|x64
		{F230E476-EEBD-44BD-816E-269194C21DF1}.Debug|x86.ActiveCfg = Debug|Win32
		{F230E476-EEBD-44BD-816E-269194C21DF1}.Debug|x86.Build.0 = Debug|Win32
		{F230E476-EEBD-44BD-816E-269194C21DF1}.Release|Any CPU.ActiveCfg = Release|x64
		{F230E476-EEBD-44BD-816E-269194C21DF1}.Release|Any CPU.Build.0 = Release|x64
		{F230E476-EEBD-44BD-816E-269194C21DF1}.Release|x64.ActiveCfg = Release|x64
		{F230E476-EEBD-44BD-816E-269194C21DF1}.Release|x64.Build.0 = Release|x64
		{F230E476-EEBD-44BD-816E-269194C21DF1}.Release|x86.ActiveCfg = Release|Win32
		{F230E476-EEBD-44BD-816E-269194C21DF1}.Release|x86.Build.0 = Release|Win32
		{F230E476-EEBD-44BD-816E-279194C21DF1}.Debug|Any CPU.ActiveCfg = Debug|x64
		{F230E476-EEBD-44BD-816E-279194C21DF1}.Debug|Any CPU.Build.0 = Debug|x64
		{F230E476-EEBD-44BD-816E-279194C21DF1}.Debug|x64.ActiveCfg = Debug|x64
		{F230E476-EEBD-44BD-816E-279194C21DF1}.Debug|x64.Build.0 = Debug|x64
		{F230E476-EEBD-44BD-816E-279194C21DF1}.Debug|x86.ActiveCfg = Debug|Win32
		{F230E476-EEBD-44BD-816E-279194C21DF1}.Debug|x86.Build.0 = Debug|Win32
		{F230E476-EEBD-44BD-816E-279194C21DF1}.Release|Any CPU.ActiveCfg = Release|x64
		{F230E476-EEBD-44BD-816E-279194C21DF1}.Release|Any CPU.Build.0 = Release|x64
		{F230E476-EEBD-44BD-816E-279194C21DF1}.Release|x64.ActiveCfg = Release|x64
		{F230E476-EEBD-44BD-816E-279194C21DF1}.Release|x64.Build.0 = Release|x64
		{F230E476-EEBD-44BD-816E-279194C21DF1}.Release|x86.ActiveCfg = Release|Win32
		{F230E476-EEBD-44BD-816E-279194C21DF1}.Release|x86.Build.0 = Release|Win32
	EndGlobalSection
	GlobalSection(SolutionProperties) = preSolution
		HideSolutionNode = FALSE
	EndGlobalSection
	GlobalSection(NestedProjects) = preSolution
		{F230E476-EEBD-44BD-816D-269194C20DEE} = {02EA681E-C7D8-13C7-8484-4AC65E1B71E8}
		{F230E476-EEBD-44BD-816D-269194C20DEF} = {02EA681E-C7D8-13C7-8484-4AC65E1B71E8}
		{63DA1FE4-5288-437D-8B3A-CB78E38B3DD9} = {02EA681E-C7D8-13C7-8484-4AC65E1B71E8}
		{F230E476-EEBD-44BD-816D-269194C20DF0} = {63DA1FE4-5288-437D-8B3A-CB78E38B3DD9}
		{E77FC002-90FE-4510-9FF7-6FD195F8F1F5} = {5A1F1DEC-ED88-4E11-9AD2-1450900C7E7C}
		{F230E476-EEBD-44BD-816D-269194C21DEE} = {02EA681E-C7D8-13C7-8484-4AC65E1B71E8}
		{F230E476-EEBD-44BD-816D-269194C22DEE} = {02EA681E-C7D8-13C7-8484-4AC65E1B71E8}
		{F230E476-EEBD-44BD-816E-269194C20DF0} = {BB845858-A6BB-4854-8608-1C9D014B3A64}
		{F230E476-EEBD-44BD-816E-269194C20DF1} = {BB845858-A6BB-4854-8608-1C9D014B3A64}
		{F230E476-EEBD-44BD-816E-269194C21DF1} = {78A97EFC-F1BF-4C77-BB3D-8E3B8F952F0E}
		{F230E476-EEBD-44BD-816E-279194C21DF1} = {04DCA99B-5E1E-4B31-BB15-8492D111501D}
	EndGlobalSection
	GlobalSection(ExtensibilityGlobals) = postSolution
		SolutionGuid = {B1F40548-331A-4AF4-BE7F-C43C21900ED9}
	EndGlobalSection
EndGlobal
